# This file was autogenerated by uv via the following command:
#    uv pip compile requirements/production.txt -o requirements/production.lock --universal
amqp==5.3.1
    # via kombu
anyio==4.13.0
    # via watchfiles
asgiref==3.11.1
    # via
    #   django
    #   django-allauth
    #   django-axes
    #   django-cors-headers
attrs==26.1.0
    # via
    #   jsonschema
    #   referencing
baidu-aip==4.16.13
    # via -r requirements/base.txt
billiard==4.2.4
    # via celery
bleach==6.3.0
    # via -r requirements/base.txt
celery==5.6.3
    # via -r requirements/base.txt
certifi==2026.4.22
    # via
    #   requests
    #   sentry-sdk
cffi==2.0.0 ; platform_python_implementation != 'PyPy'
    # via
    #   cryptography
    #   gevent
charset-normalizer==3.4.7
    # via requests
click==8.3.3
    # via
    #   celery
    #   click-didyoumean
    #   click-plugins
    #   click-repl
    #   uvicorn
click-didyoumean==0.3.1
    # via celery
click-plugins==1.1.1.2
    # via celery
click-repl==0.3.0
    # via celery
colorama==0.4.6 ; sys_platform == 'win32'
    # via
    #   click
    #   qrcode
    #   uvicorn
croniter==6.2.2
    # via -r requirements/base.txt
cryptography==47.0.0
    # via -r requirements/base.txt
django==4.2.30
    # via
    #   -r requirements/base.txt
    #   django-allauth
    #   django-appconf
    #   django-axes
    #   django-ckeditor
    #   django-compressor
    #   django-cors-headers
    #   django-el-pagination
    #   django-filter
    #   django-js-asset
    #   django-prometheus
    #   django-redis
    #   django-taggit
    #   djangorestframework
    #   drf-spectacular
django-allauth==65.16.1
    # via -r requirements/base.txt
django-appconf==1.2.0
    # via django-compressor
django-axes==8.3.1
    # via -r requirements/base.txt
django-ckeditor==6.7.3
    # via -r requirements/base.txt
django-compressor==4.6.0
    # via -r requirements/base.txt
django-cors-headers==4.9.0
    # via -r requirements/base.txt
django-el-pagination==4.1.2
    # via -r requirements/base.txt
django-environ==0.13.0
    # via -r requirements/base.txt
django-filter==24.3
    # via -r requirements/base.txt
django-js-asset==3.1.2
    # via
    #   django-ckeditor
    #   django-mptt
django-meta==2.5.1
    # via -r requirements/base.txt
django-mptt==0.18.0
    # via -r requirements/base.txt
django-prometheus==2.4.1
    # via -r requirements/production.txt
django-ratelimit==4.1.0
    # via -r requirements/production.txt
django-redis==6.0.0
    # via -r requirements/base.txt
django-taggit==6.1.0
    # via -r requirements/base.txt
djangorestframework==3.17.1
    # via
    #   -r requirements/base.txt
    #   drf-spectacular
drf-spectacular==0.29.0
    # via -r requirements/base.txt
faker==40.15.0
    # via -r requirements/base.txt
gevent==26.4.0
    # via -r requirements/production.txt
greenlet==3.5.0 ; platform_python_implementation == 'CPython'
    # via gevent
gunicorn==25.3.0
    # via -r requirements/production.txt
h11==0.16.0
    # via uvicorn
hiredis==3.3.1
    # via -r requirements/base.txt
httptools==0.7.1
    # via uvicorn
idna==3.13
    # via
    #   anyio
    #   requests
inflection==0.5.1
    # via drf-spectacular
jsonpath-ng==1.8.0
    # via -r requirements/base.txt
jsonschema==4.26.0
    # via drf-spectacular
jsonschema-specifications==2025.9.1
    # via jsonschema
kombu==5.6.2
    # via celery
markdown==3.10.2
    # via -r requirements/base.txt
orjson==3.11.8
    # via -r requirements/production.txt
packaging==26.2
    # via
    #   gunicorn
    #   kombu
pillow==12.2.0
    # via -r requirements/base.txt
prometheus-client==0.25.0
    # via django-prometheus
prompt-toolkit==3.0.52
    # via click-repl
psutil==7.2.2
    # via -r requirements/production.txt
pycparser==3.0 ; implementation_name != 'PyPy' and platform_python_implementation != 'PyPy'
    # via cffi
pycryptodome==3.23.0
    # via -r requirements/base.txt
pymysql==1.1.2
    # via -r requirements/base.txt
python-barcode==0.16.1
    # via -r requirements/base.txt
python-dateutil==2.9.0.post0
    # via
    #   celery
    #   croniter
python-dotenv==1.2.2
    # via uvicorn
python-json-logger==4.1.0
    # via -r requirements/base.txt
python-slugify==8.0.4
    # via -r requirements/base.txt
pyyaml==6.0.3
    # via
    #   drf-spectacular
    #   uvicorn
pyzbar==0.1.9
    # via -r requirements/base.txt
qrcode==8.2
    # via -r requirements/base.txt
rcssmin==1.2.2
    # via django-compressor
redis==7.4.0
    # via
    #   -r requirements/base.txt
    #   django-redis
referencing==0.37.0
    # via
    #   jsonschema
    #   jsonschema-specifications
requests==2.33.1
    # via
    #   -r requirements/base.txt
    #   baidu-aip
rjsmin==1.2.5
    # via django-compressor
rpds-py==0.30.0
    # via
    #   jsonschema
    #   referencing
sentry-sdk==2.58.0
    # via -r requirements/production.txt
setproctitle==1.3.7
    # via -r requirements/production.txt
six==1.17.0
    # via python-dateutil
sqlparse==0.5.5
    # via django
text-unidecode==1.3
    # via python-slugify
typing-extensions==4.15.0 ; python_full_version < '3.13'
    # via
    #   anyio
    #   referencing
tzdata==2026.2
    # via
    #   django
    #   faker
    #   kombu
    #   tzlocal
tzlocal==5.3.1
    # via celery
uritemplate==4.2.0
    # via drf-spectacular
urllib3==2.6.3
    # via
    #   requests
    #   sentry-sdk
uvicorn==0.46.0
    # via -r requirements/production.txt
uvloop==0.22.1 ; platform_python_implementation != 'PyPy' and sys_platform != 'cygwin' and sys_platform != 'win32'
    # via uvicorn
vine==5.1.0
    # via
    #   amqp
    #   celery
    #   kombu
watchfiles==1.1.1
    # via uvicorn
wcwidth==0.6.0
    # via prompt-toolkit
webencodings==0.5.1
    # via bleach
websockets==16.0
    # via uvicorn
whitenoise==6.12.0
    # via -r requirements/production.txt
zope-event==6.2
    # via gevent
zope-interface==8.4
    # via gevent
